// !$*UTF8*$!
{
	archiveVersion = 1;
	classes = {
	};
	objectVersion = 46;
	objects = {

/* Begin PBXBuildFile section */
		CE8E727B15EBEDB8007E6F09 /* UIKit.framework in Frameworks */ = {isa = PBXBuildFile; fileRef = CE8E727A15EBEDB8007E6F09 /* UIKit.framework */; };
		CE8E727D15EBEDB8007E6F09 /* Foundation.framework in Frameworks */ = {isa = PBXBuildFile; fileRef = CE8E727C15EBEDB8007E6F09 /* Foundation.framework */; };
		CE8E727F15EBEDB8007E6F09 /* CoreGraphics.framework in Frameworks */ = {isa = PBXBuildFile; fileRef = CE8E727E15EBEDB8007E6F09 /* CoreGraphics.framework */; };
		CE8E728515EBEDB8007E6F09 /* InfoPlist.strings in Resources */ = {isa = PBXBuildFile; fileRef = CE8E728315EBEDB8007E6F09 /* InfoPlist.strings */; };
		CE8E728715EBEDB8007E6F09 /* main.m in Sources */ = {isa = PBXBuildFile; fileRef = CE8E728615EBEDB8007E6F09 /* main.m */; };
		CE8E728B15EBEDB8007E6F09 /* AppDelegate.m in Sources */ = {isa = PBXBuildFile; fileRef = CE8E728A15EBEDB8007E6F09 /* AppDelegate.m */; };
		CE8E729315EBEDB9007E6F09 /* SenTestingKit.framework in Frameworks */ = {isa = PBXBuildFile; fileRef = CE8E729215EBEDB9007E6F09 /* SenTestingKit.framework */; };
		CE8E729415EBEDB9007E6F09 /* UIKit.framework in Frameworks */ = {isa = PBXBuildFile; fileRef = CE8E727A15EBEDB8007E6F09 /* UIKit.framework */; };
		CE8E729515EBEDB9007E6F09 /* Foundation.framework in Frameworks */ = {isa = PBXBuildFile; fileRef = CE8E727C15EBEDB8007E6F09 /* Foundation.framework */; };
		CE8E729D15EBEDB9007E6F09 /* InfoPlist.strings in Resources */ = {isa = PBXBuildFile; fileRef = CE8E729B15EBEDB9007E6F09 /* InfoPlist.strings */; };
		CE8E72A015EBEDB9007E6F09 /* ElDia2Tests.m in Sources */ = {isa = PBXBuildFile; fileRef = CE8E729F15EBEDB9007E6F09 /* ElDia2Tests.m */; };
/* End PBXBuildFile section */

/* Begin PBXContainerItemProxy section */
		CE8E729615EBEDB9007E6F09 /* PBXContainerItemProxy */ = {
			isa = PBXContainerItemProxy;
			containerPortal = CE8E726D15EBEDB8007E6F09 /* Project object */;
			proxyType = 1;
			remoteGlobalIDString = CE8E727515EBEDB8007E6F09;
			remoteInfo = ElDia2;
		};
/* End PBXContainerItemProxy section */

/* Begin PBXFileReference section */
		CE8E727615EBEDB8007E6F09 /* ElDia2.app */ = {isa = PBXFileReference; explicitFileType = wrapper.application; includeInIndex = 0; path = ElDia2.app; sourceTree = BUILT_PRODUCTS_DIR; };
		CE8E727A15EBEDB8007E6F09 /* UIKit.framework */ = {isa = PBXFileReference; lastKnownFileType = wrapper.framework; name = UIKit.framework; path = System/Library/Frameworks/UIKit.framework; sourceTree = SDKROOT; };
		CE8E727C15EBEDB8007E6F09 /* Foundation.framework */ = {isa = PBXFileReference; lastKnownFileType = wrapper.framework; name = Foundation.framework; path = System/Library/Frameworks/Foundation.framework; sourceTree = SDKROOT; };
		CE8E727E15EBEDB8007E6F09 /* CoreGraphics.framework */ = {isa = PBXFileReference; lastKnownFileType = wrapper.framework; name = CoreGraphics.framework; path = System/Library/Frameworks/CoreGraphics.framework; sourceTree = SDKROOT; };
		CE8E728215EBEDB8007E6F09 /* ElDia2-Info.plist */ = {isa = PBXFileReference; lastKnownFileType = text.plist.xml; path = "ElDia2-Info.plist"; sourceTree = "<group>"; };
		CE8E728415EBEDB8007E6F09 /* en */ = {isa = PBXFileReference; lastKnownFileType = text.plist.strings; name = en; path = en.lproj/InfoPlist.strings; sourceTree = "<group>"; };
		CE8E728615EBEDB8007E6F09 /* main.m */ = {isa = PBXFileReference; lastKnownFileType = sourcecode.c.objc; path = main.m; sourceTree = "<group>"; };
		CE8E728815EBEDB8007E6F09 /* ElDia2-Prefix.pch */ = {isa = PBXFileReference; lastKnownFileType = sourcecode.c.h; path = "ElDia2-Prefix.pch"; sourceTree = "<group>"; };
		CE8E728915EBEDB8007E6F09 /* AppDelegate.h */ = {isa = PBXFileReference; lastKnownFileType = sourcecode.c.h; path = AppDelegate.h; sourceTree = "<group>"; };
		CE8E728A15EBEDB8007E6F09 /* AppDelegate.m */ = {isa = PBXFileReference; lastKnownFileType = sourcecode.c.objc; path = AppDelegate.m; sourceTree = "<group>"; };
		CE8E729115EBEDB9007E6F09 /* ElDia2Tests.octest */ = {isa = PBXFileReference; explicitFileType = wrapper.cfbundle; includeInIndex = 0; path = ElDia2Tests.octest; sourceTree = BUILT_PRODUCTS_DIR; };
		CE8E729215EBEDB9007E6F09 /* SenTestingKit.framework */ = {isa = PBXFileReference; lastKnownFileType = wrapper.framework; name = SenTestingKit.framework; path = Library/Frameworks/SenTestingKit.framework; sourceTree = DEVELOPER_DIR; };
		CE8E729A15EBEDB9007E6F09 /* ElDia2Tests-Info.plist */ = {isa = PBXFileReference; lastKnownFileType = text.plist.xml; path = "ElDia2Tests-Info.plist"; sourceTree = "<group>"; };
		CE8E729C15EBEDB9007E6F09 /* en */ = {isa = PBXFileReference; lastKnownFileType = text.plist.strings; name = en; path = en.lproj/InfoPlist.strings; sourceTree = "<group>"; };
		CE8E729E15EBEDB9007E6F09 /* ElDia2Tests.h */ = {isa = PBXFileReference; lastKnownFileType = sourcecode.c.h; path = ElDia2Tests.h; sourceTree = "<group>"; };
		CE8E729F15EBEDB9007E6F09 /* ElDia2Tests.m */ = {isa = PBXFileReference; lastKnownFileType = sourcecode.c.objc; path = ElDia2Tests.m; sourceTree = "<group>"; };
/* End PBXFileReference section */

/* Begin PBXFrameworksBuildPhase section */
		CE8E727315EBEDB8007E6F09 /* Frameworks */ = {
			isa = PBXFrameworksBuildPhase;
			buildActionMask = 2147483647;
			files = (
				CE8E727B15EBEDB8007E6F09 /* UIKit.framework in Frameworks */,
				CE8E727D15EBEDB8007E6F09 /* Foundation.framework in Frameworks */,
				CE8E727F15EBEDB8007E6F09 /* CoreGraphics.framework in Frameworks */,
			);
			runOnlyForDeploymentPostprocessing = 0;
		};
		CE8E728D15EBEDB9007E6F09 /* Frameworks */ = {
			isa = PBXFrameworksBuildPhase;
			buildActionMask = 2147483647;
			files = (
				CE8E729315EBEDB9007E6F09 /* SenTestingKit.framework in Frameworks */,
				CE8E729415EBEDB9007E6F09 /* UIKit.framework in Frameworks */,
				CE8E729515EBEDB9007E6F09 /* Foundation.framework in Frameworks */,
			);
			runOnlyForDeploymentPostprocessing = 0;
		};
/* End PBXFrameworksBuildPhase section */

/* Begin PBXGroup section */
		CE8E726B15EBEDB8007E6F09 = {
			isa = PBXGroup;
			children = (
				CE8E728015EBEDB8007E6F09 /* ElDia2 */,
				CE8E729815EBEDB9007E6F09 /* ElDia2Tests */,
				CE8E727915EBEDB8007E6F09 /* Frameworks */,
				CE8E727715EBEDB8007E6F09 /* Products */,
			);
			sourceTree = "<group>";
		};
		CE8E727715EBEDB8007E6F09 /* Products */ = {
			isa = PBXGroup;
			children = (
				CE8E727615EBEDB8007E6F09 /* ElDia2.app */,
				CE8E729115EBEDB9007E6F09 /* ElDia2Tests.octest */,
			);
			name = Products;
			sourceTree = "<group>";
		};
		CE8E727915EBEDB8007E6F09 /* Frameworks */ = {
			isa = PBXGroup;
			children = (
				CE8E727A15EBEDB8007E6F09 /* UIKit.framework */,
				CE8E727C15EBEDB8007E6F09 /* Foundation.framework */,
				CE8E727E15EBEDB8007E6F09 /* CoreGraphics.framework */,
				CE8E729215EBEDB9007E6F09 /* SenTestingKit.framework */,
			);
			name = Frameworks;
			sourceTree = "<group>";
		};
		CE8E728015EBEDB8007E6F09 /* ElDia2 */ = {
			isa = PBXGroup;
			children = (
				CE8E728915EBEDB8007E6F09 /* AppDelegate.h */,
				CE8E728A15EBEDB8007E6F09 /* AppDelegate.m */,
				CE8E728115EBEDB8007E6F09 /* Supporting Files */,
			);
			path = ElDia2;
			sourceTree = "<group>";
		};
		CE8E728115EBEDB8007E6F09 /* Supporting Files */ = {
			isa = PBXGroup;
			children = (
				CE8E728215EBEDB8007E6F09 /* ElDia2-Info.plist */,
				CE8E728315EBEDB8007E6F09 /* InfoPlist.strings */,
				CE8E728615EBEDB8007E6F09 /* main.m */,
				CE8E728815EBEDB8007E6F09 /* ElDia2-Prefix.pch */,
			);
			name = "Supporting Files";
			sourceTree = "<group>";
		};
		CE8E729815EBEDB9007E6F09 /* ElDia2Tests */ = {
			isa = PBXGroup;
			children = (
				CE8E729E15EBEDB9007E6F09 /* ElDia2Tests.h */,
				CE8E729F15EBEDB9007E6F09 /* ElDia2Tests.m */,
				CE8E729915EBEDB9007E6F09 /* Supporting Files */,
			);
			path = ElDia2Tests;
			sourceTree = "<group>";
		};
		CE8E729915EBEDB9007E6F09 /* Supporting Files */ = {
			isa = PBXGroup;
			children = (
				CE8E729A15EBEDB9007E6F09 /* ElDia2Tests-Info.plist */,
				CE8E729B15EBEDB9007E6F09 /* InfoPlist.strings */,
			);
			name = "Supporting Files";
			sourceTree = "<group>";
		};
/* End PBXGroup section */

/* Begin PBXNativeTarget section */
		CE8E727515EBEDB8007E6F09 /* ElDia2 */ = {
			isa = PBXNativeTarget;
			buildConfigurationList = CE8E72A315EBEDB9007E6F09 /* Build configuration list for PBXNativeTarget "ElDia2" */;
			buildPhases = (
				CE8E727215EBEDB8007E6F09 /* Sources */,
				CE8E727315EBEDB8007E6F09 /* Frameworks */,
				CE8E727415EBEDB8007E6F09 /* Resources */,
			);
			buildRules = (
			);
			dependencies = (
			);
			name = ElDia2;
			productName = ElDia2;
			productReference = CE8E727615EBEDB8007E6F09 /* ElDia2.app */;
			productType = "com.apple.product-type.application";
		};
		CE8E729015EBEDB9007E6F09 /* ElDia2Tests */ = {
			isa = PBXNativeTarget;
			buildConfigurationList = CE8E72A615EBEDB9007E6F09 /* Build configuration list for PBXNativeTarget "ElDia2Tests" */;
			buildPhases = (
				CE8E728C15EBEDB9007E6F09 /* Sources */,
				CE8E728D15EBEDB9007E6F09 /* Frameworks */,
				CE8E728E15EBEDB9007E6F09 /* Resources */,
				CE8E728F15EBEDB9007E6F09 /* ShellScript */,
			);
			buildRules = (
			);
			dependencies = (
				CE8E729715EBEDB9007E6F09 /* PBXTargetDependency */,
			);
			name = ElDia2Tests;
			productName = ElDia2Tests;
			productReference = CE8E729115EBEDB9007E6F09 /* ElDia2Tests.octest */;
			productType = "com.apple.product-type.bundle";
		};
/* End PBXNativeTarget section */

/* Begin PBXProject section */
		CE8E726D15EBEDB8007E6F09 /* Project object */ = {
			isa = PBXProject;
			attributes = {
				LastUpgradeCheck = 0440;
				ORGANIZATIONNAME = "Lion User";
			};
			buildConfigurationList = CE8E727015EBEDB8007E6F09 /* Build configuration list for PBXProject "ElDia2" */;
			compatibilityVersion = "Xcode 3.2";
			developmentRegion = English;
			hasScannedForEncodings = 0;
			knownRegions = (
				en,
			);
			mainGroup = CE8E726B15EBEDB8007E6F09;
			productRefGroup = CE8E727715EBEDB8007E6F09 /* Products */;
			projectDirPath = "";
			projectRoot = "";
			targets = (
				CE8E727515EBEDB8007E6F09 /* ElDia2 */,
				CE8E729015EBEDB9007E6F09 /* ElDia2Tests */,
			);
		};
/* End PBXProject section */

/* Begin PBXResourcesBuildPhase section */
		CE8E727415EBEDB8007E6F09 /* Resources */ = {
			isa = PBXResourcesBuildPhase;
			buildActionMask = 2147483647;
			files = (
				CE8E728515EBEDB8007E6F09 /* InfoPlist.strings in Resources */,
			);
			runOnlyForDeploymentPostprocessing = 0;
		};
		CE8E728E15EBEDB9007E6F09 /* Resources */ = {
			isa = PBXResourcesBuildPhase;
			buildActionMask = 2147483647;
			files = (
				CE8E729D15EBEDB9007E6F09 /* InfoPlist.strings in Resources */,
			);
			runOnlyForDeploymentPostprocessing = 0;
		};
/* End PBXResourcesBuildPhase section */

/* Begin PBXShellScriptBuildPhase section */
		CE8E728F15EBEDB9007E6F09 /* ShellScript */ = {
			isa = PBXShellScriptBuildPhase;
			buildActionMask = 2147483647;
			files = (
			);
			inputPaths = (
			);
			outputPaths = (
			);
			runOnlyForDeploymentPostprocessing = 0;
			shellPath = /bin/sh;
			shellScript = "# Run the unit tests in this test bundle.\n\"${SYSTEM_DEVELOPER_DIR}/Tools/RunUnitTests\"\n";
		};
/* End PBXShellScriptBuildPhase section */

/* Begin PBXSourcesBuildPhase section */
		CE8E727215EBEDB8007E6F09 /* Sources */ = {
			isa = PBXSourcesBuildPhase;
			buildActionMask = 2147483647;
			files = (
				CE8E728715EBEDB8007E6F09 /* main.m in Sources */,
				CE8E728B15EBEDB8007E6F09 /* AppDelegate.m in Sources */,
			);
			runOnlyForDeploymentPostprocessing = 0;
		};
		CE8E728C15EBEDB9007E6F09 /* Sources */ = {
			isa = PBXSourcesBuildPhase;
			buildActionMask = 2147483647;
			files = (
				CE8E72A015EBEDB9007E6F09 /* ElDia2Tests.m in Sources */,
			);
			runOnlyForDeploymentPostprocessing = 0;
		};
/* End PBXSourcesBuildPhase section */

/* Begin PBXTargetDependency section */
		CE8E729715EBEDB9007E6F09 /* PBXTargetDependency */ = {
			isa = PBXTargetDependency;
			target = CE8E727515EBEDB8007E6F09 /* ElDia2 */;
			targetProxy = CE8E729615EBEDB9007E6F09 /* PBXContainerItemProxy */;
		};
/* End PBXTargetDependency section */

/* Begin PBXVariantGroup section */
		CE8E728315EBEDB8007E6F09 /* InfoPlist.strings */ = {
			isa = PBXVariantGroup;
			children = (
				CE8E728415EBEDB8007E6F09 /* en */,
			);
			name = InfoPlist.strings;
			sourceTree = "<group>";
		};
		CE8E729B15EBEDB9007E6F09 /* InfoPlist.strings */ = {
			isa = PBXVariantGroup;
			children = (
				CE8E729C15EBEDB9007E6F09 /* en */,
			);
			name = InfoPlist.strings;
			sourceTree = "<group>";
		};
/* End PBXVariantGroup section */

/* Begin XCBuildConfiguration section */
		CE8E72A115EBEDB9007E6F09 /* Debug */ = {
			isa = XCBuildConfiguration;
			buildSettings = {
				ALWAYS_SEARCH_USER_PATHS = NO;
				ARCHS = "$(ARCHS_STANDARD_32_BIT)";
				CLANG_CXX_LANGUAGE_STANDARD = "gnu++0x";
				CLANG_ENABLE_OBJC_ARC = YES;
				CLANG_WARN__DUPLICATE_METHOD_MATCH = YES;
				"CODE_SIGN_IDENTITY[sdk=iphoneos*]" = "iPhone Developer";
				COPY_PHASE_STRIP = NO;
				GCC_C_LANGUAGE_STANDARD = gnu99;
				GCC_DYNAMIC_NO_PIC = NO;
				GCC_OPTIMIZATION_LEVEL = 0;
				GCC_PREPROCESSOR_DEFINITIONS = (
					"DEBUG=1",
					"$(inherited)",
				);
				GCC_SYMBOLS_PRIVATE_EXTERN = NO;
				GCC_VERSION = com.apple.compilers.llvm.clang.1_0;
				GCC_WARN_ABOUT_RETURN_TYPE = YES;
				GCC_WARN_UNINITIALIZED_AUTOS = YES;
				GCC_WARN_UNUSED_VARIABLE = YES;
				IPHONEOS_DEPLOYMENT_TARGET = 5.1;
				SDKROOT = iphoneos;
				TARGETED_DEVICE_FAMILY = "1,2";
			};
			name = Debug;
		};
		CE8E72A215EBEDB9007E6F09 /* Release */ = {
			isa = XCBuildConfiguration;
			buildSettings = {
				ALWAYS_SEARCH_USER_PATHS = NO;
				ARCHS = "$(ARCHS_STANDARD_32_BIT)";
				CLANG_CXX_LANGUAGE_STANDARD = "gnu++0x";
				CLANG_ENABLE_OBJC_ARC = YES;
				CLANG_WARN__DUPLICATE_METHOD_MATCH = YES;
				"CODE_SIGN_IDENTITY[sdk=iphoneos*]" = "iPhone Developer";
				COPY_PHASE_STRIP = YES;
				GCC_C_LANGUAGE_STANDARD = gnu99;
				GCC_VERSION = com.apple.compilers.llvm.clang.1_0;
				GCC_WARN_ABOUT_RETURN_TYPE = YES;
				GCC_WARN_UNINITIALIZED_AUTOS = YES;
				GCC_WARN_UNUSED_VARIABLE = YES;
				IPHONEOS_DEPLOYMENT_TARGET = 5.1;
				OTHER_CFLAGS = "-DNS_BLOCK_ASSERTIONS=1";
				SDKROOT = iphoneos;
				TARGETED_DEVICE_FAMILY = "1,2";
				VALIDATE_PRODUCT = YES;
			};
			name = Release;
		};
		CE8E72A415EBEDB9007E6F09 /* Debug */ = {
			isa = XCBuildConfiguration;
			buildSettings = {
				GCC_PRECOMPILE_PREFIX_HEADER = YES;
				GCC_PREFIX_HEADER = "ElDia2/ElDia2-Prefix.pch";
				INFOPLIST_FILE = "ElDia2/ElDia2-Info.plist";
				PRODUCT_NAME = "$(TARGET_NAME)";
				WRAPPER_EXTENSION = app;
			};
			name = Debug;
		};
		CE8E72A515EBEDB9007E6F09 /* Release */ = {
			isa = XCBuildConfiguration;
			buildSettings = {
				GCC_PRECOMPILE_PREFIX_HEADER = YES;
				GCC_PREFIX_HEADER = "ElDia2/ElDia2-Prefix.pch";
				INFOPLIST_FILE = "ElDia2/ElDia2-Info.plist";
				PRODUCT_NAME = "$(TARGET_NAME)";
				WRAPPER_EXTENSION = app;
			};
			name = Release;
		};
		CE8E72A715EBEDB9007E6F09 /* Debug */ = {
			isa = XCBuildConfiguration;
			buildSettings = {
				BUNDLE_LOADER = "$(BUILT_PRODUCTS_DIR)/ElDia2.app/ElDia2";
				FRAMEWORK_SEARCH_PATHS = (
					"\"$(SDKROOT)/Developer/Library/Frameworks\"",
					"\"$(DEVELOPER_LIBRARY_DIR)/Frameworks\"",
				);
				GCC_PRECOMPILE_PREFIX_HEADER = YES;
				GCC_PREFIX_HEADER = "ElDia2/ElDia2-Prefix.pch";
				INFOPLIST_FILE = "ElDia2Tests/ElDia2Tests-Info.plist";
				PRODUCT_NAME = "$(TARGET_NAME)";
				TEST_HOST = "$(BUNDLE_LOADER)";
				WRAPPER_EXTENSION = octest;
			};
			name = Debug;
		};
		CE8E72A815EBEDB9007E6F09 /* Release */ = {
			isa = XCBuildConfiguration;
			buildSettings = {
				BUNDLE_LOADER = "$(BUILT_PRODUCTS_DIR)/ElDia2.app/ElDia2";
				FRAMEWORK_SEARCH_PATHS = (
					"\"$(SDKROOT)/Developer/Library/Frameworks\"",
					"\"$(DEVELOPER_LIBRARY_DIR)/Frameworks\"",
				);
				GCC_PRECOMPILE_PREFIX_HEADER = YES;
				GCC_PREFIX_HEADER = "ElDia2/ElDia2-Prefix.pch";
				INFOPLIST_FILE = "ElDia2Tests/ElDia2Tests-Info.plist";
				PRODUCT_NAME = "$(TARGET_NAME)";
				TEST_HOST = "$(BUNDLE_LOADER)";
				WRAPPER_EXTENSION = octest;
			};
			name = Release;
		};
/* End XCBuildConfiguration section */

/* Begin XCConfigurationList section */
		CE8E727015EBEDB8007E6F09 /* Build configuration list for PBXProject "ElDia2" */ = {
			isa = XCConfigurationList;
			buildConfigurations = (
				CE8E72A115EBEDB9007E6F09 /* Debug */,
				CE8E72A215EBEDB9007E6F09 /* Release */,
			);
			defaultConfigurationIsVisible = 0;
			defaultConfigurationName = Release;
		};
		CE8E72A315EBEDB9007E6F09 /* Build configuration list for PBXNativeTarget "ElDia2" */ = {
			isa = XCConfigurationList;
			buildConfigurations = (
				CE8E72A415EBEDB9007E6F09 /* Debug */,
				CE8E72A515EBEDB9007E6F09 /* Release */,
			);
			defaultConfigurationIsVisible = 0;
		};
		CE8E72A615EBEDB9007E6F09 /* Build configuration list for PBXNativeTarget "ElDia2Tests" */ = {
			isa = XCConfigurationList;
			buildConfigurations = (
				CE8E72A715EBEDB9007E6F09 /* Debug */,
				CE8E72A815EBEDB9007E6F09 /* Release */,
			);
			defaultConfigurationIsVisible = 0;
		};
/* End XCConfigurationList section */
	};
	rootObject = CE8E726D15EBEDB8007E6F09 /* Project object */;
}
